
Microsoft Visual Studio Solution File, Format Version 12.00
# Visual Studio Version 17
VisualStudioVersion = 17.4.33213.308
MinimumVisualStudioVersion = 10.0.40219.1
Project("{FAE04EC0-301F-11D3-BF4B-00C04F79EFBC}") = "PR4_V13_Klimshina24IS-21", "PR4_V13_Klimshina24IS-21.csproj", "{89D0C91B-AFD9-4EBE-88D8-EDAAFDA72C16}"
EndProject
Global
	GlobalSection(SolutionConfigurationPlatforms) = preSolution
		Debug|Any CPU = Debug|Any CPU
		Release|Any CPU = Release|Any CPU
	EndGlobalSection
	GlobalSection(ProjectConfigurationPlatforms) = postSolution
		{89D0C91B-AFD9-4EBE-88D8-EDAAFDA72C16}.Debug|Any CPU.ActiveCfg = Debug|Any CPU
		{89D0C91B-AFD9-4EBE-88D8-EDAAFDA72C16}.Debug|Any CPU.Build.0 = Debug|Any CPU
		{89D0C91B-AFD9-4EBE-88D8-EDAAFDA72C16}.Release|Any CPU.ActiveCfg = Release|Any CPU
		{89D0C91B-AFD9-4EBE-88D8-EDAAFDA72C16}.Release|Any CPU.Build.0 = Release|Any CPU
	EndGlobalSection
	GlobalSection(SolutionProperties) = preSolution
		HideSolutionNode = FALSE
	EndGlobalSection
	GlobalSection(ExtensibilityGlobals) = postSolution
		SolutionGuid = {0BC2ADF9-270A-41A1-8380-0EF25ACDC78F}
	EndGlobalSection
EndGlobal
