
Microsoft Visual Studio Solution File, Format Version 12.00
# Visual Studio Version 17
VisualStudioVersion = 17.4.33213.308
MinimumVisualStudioVersion = 10.0.40219.1
Project("{FAE04EC0-301F-11D3-BF4B-00C04F79EFBC}") = "marathon_skills", "marathon_skills\marathon_skills.csproj", "{86CC757D-4220-4E17-8D53-7E50595E96A8}"
EndProject
Global
	GlobalSection(SolutionConfigurationPlatforms) = preSolution
		Debug|Any CPU = Debug|Any CPU
		Release|Any CPU = Release|Any CPU
	EndGlobalSection
	GlobalSection(ProjectConfigurationPlatforms) = postSolution
		{86CC757D-4220-4E17-8D53-7E50595E96A8}.Debug|Any CPU.ActiveCfg = Debug|Any CPU
		{86CC757D-4220-4E17-8D53-7E50595E96A8}.Debug|Any CPU.Build.0 = Debug|Any CPU
		{86CC757D-4220-4E17-8D53-7E50595E96A8}.Release|Any CPU.ActiveCfg = Release|Any CPU
		{86CC757D-4220-4E17-8D53-7E50595E96A8}.Release|Any CPU.Build.0 = Release|Any CPU
	EndGlobalSection
	GlobalSection(SolutionProperties) = preSolution
		HideSolutionNode = FALSE
	EndGlobalSection
	GlobalSection(ExtensibilityGlobals) = postSolution
		SolutionGuid = {71F8B868-1956-4ABF-B9B3-82298C27BA6F}
	EndGlobalSection
EndGlobal
